
Microsoft Visual Studio Solution File, Format Version 12.00
# Visual Studio Version 17
VisualStudioVersion = 17.2.32630.192
MinimumVisualStudioVersion = 10.0.40219.1
Project("{FAE04EC0-301F-11D3-BF4B-00C04F79EFBC}") = "ASPMVCDemo", "ASPMVCDemo\ASPMVCDemo.csproj", "{AE8DF7C0-A50E-496C-88DB-B2F70A82A1C7}"
EndProject
Global
	GlobalSection(SolutionConfigurationPlatforms) = preSolution
		Debug|Any CPU = Debug|Any CPU
		Release|Any CPU = Release|Any CPU
	EndGlobalSection
	GlobalSection(ProjectConfigurationPlatforms) = postSolution
		{AE8DF7C0-A50E-496C-88DB-B2F70A82A1C7}.Debug|Any CPU.ActiveCfg = Debug|Any CPU
		{AE8DF7C0-A50E-496C-88DB-B2F70A82A1C7}.Debug|Any CPU.Build.0 = Debug|Any CPU
		{AE8DF7C0-A50E-496C-88DB-B2F70A82A1C7}.Release|Any CPU.ActiveCfg = Release|Any CPU
		{AE8DF7C0-A50E-496C-88DB-B2F70A82A1C7}.Release|Any CPU.Build.0 = Release|Any CPU
	EndGlobalSection
	GlobalSection(SolutionProperties) = preSolution
		HideSolutionNode = FALSE
	EndGlobalSection
	GlobalSection(ExtensibilityGlobals) = postSolution
		SolutionGuid = {1CDBC14F-757C-4EA5-A30A-DBF33ED1E02E}
	EndGlobalSection
EndGlobal
